
Microsoft Visual Studio Solution File, Format Version 12.00
# Visual Studio 14
VisualStudioVersion = 14.0.25420.1
MinimumVisualStudioVersion = 10.0.40219.1
Project("{FAE04EC0-301F-11D3-BF4B-00C04F79EFBC}") = "Lab_9", "Lab_9\Lab_9.csproj", "{95AD689D-B1E8-4534-B744-08302D151C40}"
EndProject
Project("{FAE04EC0-301F-11D3-BF4B-00C04F79EFBC}") = "CircleTest", "CircleTest\CircleTest.csproj", "{892BB708-53DA-457D-AB8D-D5F5A311F827}"
EndProject
Global
	GlobalSection(SolutionConfigurationPlatforms) = preSolution
		Debug|Any CPU = Debug|Any CPU
		Release|Any CPU = Release|Any CPU
	EndGlobalSection
	GlobalSection(ProjectConfigurationPlatforms) = postSolution
		{95AD689D-B1E8-4534-B744-08302D151C40}.Debug|Any CPU.ActiveCfg = Debug|Any CPU
		{95AD689D-B1E8-4534-B744-08302D151C40}.Debug|Any CPU.Build.0 = Debug|Any CPU
		{95AD689D-B1E8-4534-B744-08302D151C40}.Release|Any CPU.ActiveCfg = Release|Any CPU
		{95AD689D-B1E8-4534-B744-08302D151C40}.Release|Any CPU.Build.0 = Release|Any CPU
		{892BB708-53DA-457D-AB8D-D5F5A311F827}.Debug|Any CPU.ActiveCfg = Debug|Any CPU
		{892BB708-53DA-457D-AB8D-D5F5A311F827}.Debug|Any CPU.Build.0 = Debug|Any CPU
		{892BB708-53DA-457D-AB8D-D5F5A311F827}.Release|Any CPU.ActiveCfg = Release|Any CPU
		{892BB708-53DA-457D-AB8D-D5F5A311F827}.Release|Any CPU.Build.0 = Release|Any CPU
	EndGlobalSection
	GlobalSection(SolutionProperties) = preSolution
		HideSolutionNode = FALSE
	EndGlobalSection
EndGlobal
